// !$*UTF8*$!
{
	archiveVersion = 1;
	classes = {
	};
	objectVersion = 77;
	objects = {

/* Begin PBXBuildFile section */
		39298E812F0D1992003F4BD1 /* libSDL3.0.dylib in Frameworks */ = {isa = PBXBuildFile; fileRef = 395201182F0BCDF000B8242A /* libSDL3.0.dylib */; };
		39298E822F0D1992003F4BD1 /* Metal.framework in Frameworks */ = {isa = PBXBuildFile; fileRef = 395201162F0BCD8300B8242A /* Metal.framework */; };
		39298E832F0D1992003F4BD1 /* MetalFX.framework in Frameworks */ = {isa = PBXBuildFile; fileRef = 395201142F0BCD7F00B8242A /* MetalFX.framework */; };
		39298E842F0D1992003F4BD1 /* QuartzCore.framework in Frameworks */ = {isa = PBXBuildFile; fileRef = 395201122F0BCD7A00B8242A /* QuartzCore.framework */; };
		39298E852F0D1992003F4BD1 /* Foundation.framework in Frameworks */ = {isa = PBXBuildFile; fileRef = 395201102F0BCD7500B8242A /* Foundation.framework */; };
		39EE21332F0D535F0064F761 /* MetalKit.framework in Frameworks */ = {isa = PBXBuildFile; fileRef = 39EE21322F0D535F0064F761 /* MetalKit.framework */; };
		39EE21352F0D53670064F761 /* Cocoa.framework in Frameworks */ = {isa = PBXBuildFile; fileRef = 39EE21342F0D53670064F761 /* Cocoa.framework */; };
		39EE21372F0D536C0064F761 /* ModelIO.framework in Frameworks */ = {isa = PBXBuildFile; fileRef = 39EE21362F0D536C0064F761 /* ModelIO.framework */; };
/* End PBXBuildFile section */

/* Begin PBXFileReference section */
		39298E8A2F0D1992003F4BD1 /* Paloma Engine.app */ = {isa = PBXFileReference; explicitFileType = wrapper.application; includeInIndex = 0; path = "Paloma Engine.app"; sourceTree = BUILT_PRODUCTS_DIR; };
		395201102F0BCD7500B8242A /* Foundation.framework */ = {isa = PBXFileReference; lastKnownFileType = wrapper.framework; name = Foundation.framework; path = System/Library/Frameworks/Foundation.framework; sourceTree = SDKROOT; };
		395201122F0BCD7A00B8242A /* QuartzCore.framework */ = {isa = PBXFileReference; lastKnownFileType = wrapper.framework; name = QuartzCore.framework; path = System/Library/Frameworks/QuartzCore.framework; sourceTree = SDKROOT; };
		395201142F0BCD7F00B8242A /* MetalFX.framework */ = {isa = PBXFileReference; lastKnownFileType = wrapper.framework; name = MetalFX.framework; path = System/Library/Frameworks/MetalFX.framework; sourceTree = SDKROOT; };
		395201162F0BCD8300B8242A /* Metal.framework */ = {isa = PBXFileReference; lastKnownFileType = wrapper.framework; name = Metal.framework; path = System/Library/Frameworks/Metal.framework; sourceTree = SDKROOT; };
		395201182F0BCDF000B8242A /* libSDL3.0.dylib */ = {isa = PBXFileReference; lastKnownFileType = "compiled.mach-o.dylib"; name = libSDL3.0.dylib; path = ../../../../opt/homebrew/Cellar/sdl3/3.2.28/lib/libSDL3.0.dylib; sourceTree = "<group>"; };
		39C1ECA32F0BB2D40021EF5B /* apple example.app */ = {isa = PBXFileReference; explicitFileType = wrapper.application; includeInIndex = 0; path = "apple example.app"; sourceTree = BUILT_PRODUCTS_DIR; };
		39EE21322F0D535F0064F761 /* MetalKit.framework */ = {isa = PBXFileReference; lastKnownFileType = wrapper.framework; name = MetalKit.framework; path = System/Library/Frameworks/MetalKit.framework; sourceTree = SDKROOT; };
		39EE21342F0D53670064F761 /* Cocoa.framework */ = {isa = PBXFileReference; lastKnownFileType = wrapper.framework; name = Cocoa.framework; path = System/Library/Frameworks/Cocoa.framework; sourceTree = SDKROOT; };
		39EE21362F0D536C0064F761 /* ModelIO.framework */ = {isa = PBXFileReference; lastKnownFileType = wrapper.framework; name = ModelIO.framework; path = System/Library/Frameworks/ModelIO.framework; sourceTree = SDKROOT; };
/* End PBXFileReference section */

/* Begin PBXFileSystemSynchronizedRootGroup section */
		39A000192F0E2E250067EFAB /* Apple Code */ = {
			isa = PBXFileSystemSynchronizedRootGroup;
			path = "Apple Code";
			sourceTree = "<group>";
		};
		39C1ECA52F0BB2D40021EF5B /* Paloma Engine */ = {
			isa = PBXFileSystemSynchronizedRootGroup;
			path = "Paloma Engine";
			sourceTree = "<group>";
		};
		39E0E1D12F1340D50049C044 /* metal-4-basics-master 2 */ = {
			isa = PBXFileSystemSynchronizedRootGroup;
			path = "metal-4-basics-master 2";
			sourceTree = "<group>";
		};
/* End PBXFileSystemSynchronizedRootGroup section */

/* Begin PBXFrameworksBuildPhase section */
		39298E802F0D1992003F4BD1 /* Frameworks */ = {
			isa = PBXFrameworksBuildPhase;
			buildActionMask = 2147483647;
			files = (
				39EE21372F0D536C0064F761 /* ModelIO.framework in Frameworks */,
				39EE21352F0D53670064F761 /* Cocoa.framework in Frameworks */,
				39EE21332F0D535F0064F761 /* MetalKit.framework in Frameworks */,
				39298E812F0D1992003F4BD1 /* libSDL3.0.dylib in Frameworks */,
				39298E822F0D1992003F4BD1 /* Metal.framework in Frameworks */,
				39298E832F0D1992003F4BD1 /* MetalFX.framework in Frameworks */,
				39298E842F0D1992003F4BD1 /* QuartzCore.framework in Frameworks */,
				39298E852F0D1992003F4BD1 /* Foundation.framework in Frameworks */,
			);
			runOnlyForDeploymentPostprocessing = 0;
		};
		39C1ECA02F0BB2D40021EF5B /* Frameworks */ = {
			isa = PBXFrameworksBuildPhase;
			buildActionMask = 2147483647;
			files = (
			);
			runOnlyForDeploymentPostprocessing = 0;
		};
/* End PBXFrameworksBuildPhase section */

/* Begin PBXGroup section */
		3952010F2F0BCD7500B8242A /* Frameworks */ = {
			isa = PBXGroup;
			children = (
				39EE21362F0D536C0064F761 /* ModelIO.framework */,
				39EE21342F0D53670064F761 /* Cocoa.framework */,
				39EE21322F0D535F0064F761 /* MetalKit.framework */,
				395201182F0BCDF000B8242A /* libSDL3.0.dylib */,
				395201162F0BCD8300B8242A /* Metal.framework */,
				395201142F0BCD7F00B8242A /* MetalFX.framework */,
				395201122F0BCD7A00B8242A /* QuartzCore.framework */,
				395201102F0BCD7500B8242A /* Foundation.framework */,
			);
			name = Frameworks;
			sourceTree = "<group>";
		};
		39C1EC9A2F0BB2D40021EF5B = {
			isa = PBXGroup;
			children = (
				39C1ECA52F0BB2D40021EF5B /* Paloma Engine */,
				3952010F2F0BCD7500B8242A /* Frameworks */,
				39C1ECA42F0BB2D40021EF5B /* Products */,
				39A000192F0E2E250067EFAB /* Apple Code */,
				39E0E1D12F1340D50049C044 /* metal-4-basics-master 2 */,
			);
			sourceTree = "<group>";
		};
		39C1ECA42F0BB2D40021EF5B /* Products */ = {
			isa = PBXGroup;
			children = (
				39C1ECA32F0BB2D40021EF5B /* apple example.app */,
				39298E8A2F0D1992003F4BD1 /* Paloma Engine.app */,
			);
			name = Products;
			sourceTree = "<group>";
		};
/* End PBXGroup section */

/* Begin PBXNativeTarget section */
		39298E7E2F0D1992003F4BD1 /* Paloma Engine */ = {
			isa = PBXNativeTarget;
			buildConfigurationList = 39298E872F0D1992003F4BD1 /* Build configuration list for PBXNativeTarget "Paloma Engine" */;
			buildPhases = (
				39298E7F2F0D1992003F4BD1 /* Sources */,
				39298E802F0D1992003F4BD1 /* Frameworks */,
				39298E862F0D1992003F4BD1 /* Resources */,
			);
			buildRules = (
			);
			dependencies = (
			);
			fileSystemSynchronizedGroups = (
				39C1ECA52F0BB2D40021EF5B /* Paloma Engine */,
			);
			name = "Paloma Engine";
			packageProductDependencies = (
			);
			productName = "metalcpp-cube";
			productReference = 39298E8A2F0D1992003F4BD1 /* Paloma Engine.app */;
			productType = "com.apple.product-type.application";
		};
		39C1ECA22F0BB2D40021EF5B /* apple example */ = {
			isa = PBXNativeTarget;
			buildConfigurationList = 39C1ECBB2F0BB2D50021EF5B /* Build configuration list for PBXNativeTarget "apple example" */;
			buildPhases = (
				39C1EC9F2F0BB2D40021EF5B /* Sources */,
				39C1ECA02F0BB2D40021EF5B /* Frameworks */,
				39C1ECA12F0BB2D40021EF5B /* Resources */,
			);
			buildRules = (
			);
			dependencies = (
			);
			fileSystemSynchronizedGroups = (
				39A000192F0E2E250067EFAB /* Apple Code */,
			);
			name = "apple example";
			packageProductDependencies = (
			);
			productName = "Paloma Engine";
			productReference = 39C1ECA32F0BB2D40021EF5B /* apple example.app */;
			productType = "com.apple.product-type.application";
		};
/* End PBXNativeTarget section */

/* Begin PBXProject section */
		39C1EC9B2F0BB2D40021EF5B /* Project object */ = {
			isa = PBXProject;
			attributes = {
				BuildIndependentTargetsInParallel = 1;
				LastSwiftUpdateCheck = 2610;
				LastUpgradeCheck = 2610;
				TargetAttributes = {
					39298E7E2F0D1992003F4BD1 = {
						LastSwiftMigration = 2610;
					};
					39C1ECA22F0BB2D40021EF5B = {
						CreatedOnToolsVersion = 26.1.1;
					};
				};
			};
			buildConfigurationList = 39C1EC9E2F0BB2D40021EF5B /* Build configuration list for PBXProject "Paloma Engine" */;
			developmentRegion = en;
			hasScannedForEncodings = 0;
			knownRegions = (
				en,
				Base,
			);
			mainGroup = 39C1EC9A2F0BB2D40021EF5B;
			minimizedProjectReferenceProxies = 1;
			preferredProjectObjectVersion = 77;
			productRefGroup = 39C1ECA42F0BB2D40021EF5B /* Products */;
			projectDirPath = "";
			projectRoot = "";
			targets = (
				39C1ECA22F0BB2D40021EF5B /* apple example */,
				39298E7E2F0D1992003F4BD1 /* Paloma Engine */,
			);
		};
/* End PBXProject section */

/* Begin PBXResourcesBuildPhase section */
		39298E862F0D1992003F4BD1 /* Resources */ = {
			isa = PBXResourcesBuildPhase;
			buildActionMask = 2147483647;
			files = (
			);
			runOnlyForDeploymentPostprocessing = 0;
		};
		39C1ECA12F0BB2D40021EF5B /* Resources */ = {
			isa = PBXResourcesBuildPhase;
			buildActionMask = 2147483647;
			files = (
			);
			runOnlyForDeploymentPostprocessing = 0;
		};
/* End PBXResourcesBuildPhase section */

/* Begin PBXSourcesBuildPhase section */
		39298E7F2F0D1992003F4BD1 /* Sources */ = {
			isa = PBXSourcesBuildPhase;
			buildActionMask = 2147483647;
			files = (
			);
			runOnlyForDeploymentPostprocessing = 0;
		};
		39C1EC9F2F0BB2D40021EF5B /* Sources */ = {
			isa = PBXSourcesBuildPhase;
			buildActionMask = 2147483647;
			files = (
			);
			runOnlyForDeploymentPostprocessing = 0;
		};
/* End PBXSourcesBuildPhase section */

/* Begin XCBuildConfiguration section */
		39298E882F0D1992003F4BD1 /* Debug */ = {
			isa = XCBuildConfiguration;
			buildSettings = {
				ASSETCATALOG_COMPILER_APPICON_NAME = AppIcon;
				ASSETCATALOG_COMPILER_GLOBAL_ACCENT_COLOR_NAME = AccentColor;
				CLANG_CXX_LANGUAGE_STANDARD = "gnu++23";
				CLANG_ENABLE_MODULES = YES;
				CODE_SIGN_STYLE = Automatic;
				COMBINE_HIDPI_IMAGES = YES;
				CURRENT_PROJECT_VERSION = 1;
				DEVELOPMENT_TEAM = W7FUQB4L6D;
				ENABLE_APP_SANDBOX = NO;
				ENABLE_HARDENED_RUNTIME = NO;
				ENABLE_PREVIEWS = YES;
				ENABLE_USER_SELECTED_FILES = readonly;
				GCC_C_LANGUAGE_STANDARD = c23;
				GENERATE_INFOPLIST_FILE = YES;
				INFOPLIST_FILE = "Paloma-Engine-Info.plist";
				INFOPLIST_KEY_NSHumanReadableCopyright = "";
				INFOPLIST_KEY_NSMainStoryboardFile = Main;
				LD_RUNPATH_SEARCH_PATHS = (
					"$(inherited)",
					"@executable_path/../Frameworks",
				);
				LIBRARY_SEARCH_PATHS = (
					"$(inherited)",
					/opt/homebrew/Cellar/sdl3/3.2.28/lib,
				);
				MARKETING_VERSION = 1.0;
				PRODUCT_BUNDLE_IDENTIFIER = "skbid.metalcpp-cube";
				PRODUCT_NAME = "$(TARGET_NAME)";
				REGISTER_APP_GROUPS = YES;
				STRING_CATALOG_GENERATE_SYMBOLS = YES;
				SWIFT_ACTIVE_COMPILATION_CONDITIONS = "DEBUG $(inherited)";
				SWIFT_APPROACHABLE_CONCURRENCY = YES;
				SWIFT_DEFAULT_ACTOR_ISOLATION = MainActor;
				SWIFT_EMIT_LOC_STRINGS = YES;
				SWIFT_OPTIMIZATION_LEVEL = "-Onone";
				SWIFT_UPCOMING_FEATURE_MEMBER_IMPORT_VISIBILITY = YES;
				SWIFT_VERSION = 5.0;
				SYSTEM_HEADER_SEARCH_PATHS = (
					"\"$(SRCROOT)/Paloma Engine/Libs/\"/**",
					/opt/homebrew/include/,
				);
			};
			name = Debug;
		};
		39298E892F0D1992003F4BD1 /* Release */ = {
			isa = XCBuildConfiguration;
			buildSettings = {
				ASSETCATALOG_COMPILER_APPICON_NAME = AppIcon;
				ASSETCATALOG_COMPILER_GLOBAL_ACCENT_COLOR_NAME = AccentColor;
				CLANG_CXX_LANGUAGE_STANDARD = "gnu++23";
				CLANG_ENABLE_MODULES = YES;
				CODE_SIGN_STYLE = Automatic;
				COMBINE_HIDPI_IMAGES = YES;
				CURRENT_PROJECT_VERSION = 1;
				DEVELOPMENT_TEAM = W7FUQB4L6D;
				ENABLE_APP_SANDBOX = NO;
				ENABLE_HARDENED_RUNTIME = NO;
				ENABLE_PREVIEWS = YES;
				ENABLE_USER_SELECTED_FILES = readonly;
				GCC_C_LANGUAGE_STANDARD = c23;
				GCC_OPTIMIZATION_LEVEL = s;
				GENERATE_INFOPLIST_FILE = YES;
				INFOPLIST_FILE = "Paloma-Engine-Info.plist";
				INFOPLIST_KEY_NSHumanReadableCopyright = "";
				INFOPLIST_KEY_NSMainStoryboardFile = Main;
				LD_RUNPATH_SEARCH_PATHS = (
					"$(inherited)",
					"@executable_path/../Frameworks",
				);
				LIBRARY_SEARCH_PATHS = (
					"$(inherited)",
					/opt/homebrew/Cellar/sdl3/3.2.28/lib,
				);
				MARKETING_VERSION = 1.0;
				PRODUCT_BUNDLE_IDENTIFIER = "skbid.metalcpp-cube";
				PRODUCT_NAME = "$(TARGET_NAME)";
				REGISTER_APP_GROUPS = YES;
				STRING_CATALOG_GENERATE_SYMBOLS = YES;
				SWIFT_APPROACHABLE_CONCURRENCY = YES;
				SWIFT_COMPILATION_MODE = wholemodule;
				SWIFT_DEFAULT_ACTOR_ISOLATION = MainActor;
				SWIFT_EMIT_LOC_STRINGS = YES;
				SWIFT_UPCOMING_FEATURE_MEMBER_IMPORT_VISIBILITY = YES;
				SWIFT_VERSION = 5.0;
				SYSTEM_HEADER_SEARCH_PATHS = (
					"\"$(SRCROOT)/Paloma Engine/Libs/\"/**",
					/opt/homebrew/include/,
				);
			};
			name = Release;
		};
		39C1ECB92F0BB2D50021EF5B /* Debug */ = {
			isa = XCBuildConfiguration;
			buildSettings = {
				ALWAYS_SEARCH_USER_PATHS = NO;
				ASSETCATALOG_COMPILER_GENERATE_SWIFT_ASSET_SYMBOL_EXTENSIONS = YES;
				CLANG_ANALYZER_NONNULL = YES;
				CLANG_ANALYZER_NUMBER_OBJECT_CONVERSION = YES_AGGRESSIVE;
				CLANG_CXX_LANGUAGE_STANDARD = "gnu++20";
				CLANG_ENABLE_MODULES = YES;
				CLANG_ENABLE_OBJC_ARC = YES;
				CLANG_ENABLE_OBJC_WEAK = YES;
				CLANG_WARN_BLOCK_CAPTURE_AUTORELEASING = YES;
				CLANG_WARN_BOOL_CONVERSION = YES;
				CLANG_WARN_COMMA = YES;
				CLANG_WARN_CONSTANT_CONVERSION = YES;
				CLANG_WARN_DEPRECATED_OBJC_IMPLEMENTATIONS = YES;
				CLANG_WARN_DIRECT_OBJC_ISA_USAGE = YES_ERROR;
				CLANG_WARN_DOCUMENTATION_COMMENTS = YES;
				CLANG_WARN_EMPTY_BODY = YES;
				CLANG_WARN_ENUM_CONVERSION = YES;
				CLANG_WARN_INFINITE_RECURSION = YES;
				CLANG_WARN_INT_CONVERSION = YES;
				CLANG_WARN_NON_LITERAL_NULL_CONVERSION = YES;
				CLANG_WARN_OBJC_IMPLICIT_RETAIN_SELF = YES;
				CLANG_WARN_OBJC_LITERAL_CONVERSION = YES;
				CLANG_WARN_OBJC_ROOT_CLASS = YES_ERROR;
				CLANG_WARN_QUOTED_INCLUDE_IN_FRAMEWORK_HEADER = YES;
				CLANG_WARN_RANGE_LOOP_ANALYSIS = YES;
				CLANG_WARN_STRICT_PROTOTYPES = YES;
				CLANG_WARN_SUSPICIOUS_MOVE = YES;
				CLANG_WARN_UNGUARDED_AVAILABILITY = YES_AGGRESSIVE;
				CLANG_WARN_UNREACHABLE_CODE = YES;
				CLANG_WARN__DUPLICATE_METHOD_MATCH = YES;
				COPY_PHASE_STRIP = NO;
				DEBUG_INFORMATION_FORMAT = dwarf;
				DEVELOPMENT_TEAM = W7FUQB4L6D;
				ENABLE_HARDENED_RUNTIME = NO;
				ENABLE_STRICT_OBJC_MSGSEND = YES;
				ENABLE_TESTABILITY = YES;
				ENABLE_USER_SCRIPT_SANDBOXING = YES;
				GCC_C_LANGUAGE_STANDARD = gnu17;
				GCC_DYNAMIC_NO_PIC = NO;
				GCC_NO_COMMON_BLOCKS = YES;
				GCC_OPTIMIZATION_LEVEL = 0;
				GCC_PREPROCESSOR_DEFINITIONS = (
					"DEBUG=1",
					"$(inherited)",
				);
				GCC_WARN_64_TO_32_BIT_CONVERSION = YES;
				GCC_WARN_ABOUT_RETURN_TYPE = YES_ERROR;
				GCC_WARN_UNDECLARED_SELECTOR = YES;
				GCC_WARN_UNINITIALIZED_AUTOS = YES_AGGRESSIVE;
				GCC_WARN_UNUSED_FUNCTION = YES;
				GCC_WARN_UNUSED_VARIABLE = YES;
				LOCALIZATION_PREFERS_STRING_CATALOGS = YES;
				MACOSX_DEPLOYMENT_TARGET = 26.1;
				MTL_ENABLE_DEBUG_INFO = INCLUDE_SOURCE;
				MTL_FAST_MATH = YES;
				ONLY_ACTIVE_ARCH = YES;
				SDKROOT = macosx;
			};
			name = Debug;
		};
		39C1ECBA2F0BB2D50021EF5B /* Release */ = {
			isa = XCBuildConfiguration;
			buildSettings = {
				ALWAYS_SEARCH_USER_PATHS = NO;
				ASSETCATALOG_COMPILER_GENERATE_SWIFT_ASSET_SYMBOL_EXTENSIONS = YES;
				CLANG_ANALYZER_NONNULL = YES;
				CLANG_ANALYZER_NUMBER_OBJECT_CONVERSION = YES_AGGRESSIVE;
				CLANG_CXX_LANGUAGE_STANDARD = "gnu++20";
				CLANG_ENABLE_MODULES = YES;
				CLANG_ENABLE_OBJC_ARC = YES;
				CLANG_ENABLE_OBJC_WEAK = YES;
				CLANG_WARN_BLOCK_CAPTURE_AUTORELEASING = YES;
				CLANG_WARN_BOOL_CONVERSION = YES;
				CLANG_WARN_COMMA = YES;
				CLANG_WARN_CONSTANT_CONVERSION = YES;
				CLANG_WARN_DEPRECATED_OBJC_IMPLEMENTATIONS = YES;
				CLANG_WARN_DIRECT_OBJC_ISA_USAGE = YES_ERROR;
				CLANG_WARN_DOCUMENTATION_COMMENTS = YES;
				CLANG_WARN_EMPTY_BODY = YES;
				CLANG_WARN_ENUM_CONVERSION = YES;
				CLANG_WARN_INFINITE_RECURSION = YES;
				CLANG_WARN_INT_CONVERSION = YES;
				CLANG_WARN_NON_LITERAL_NULL_CONVERSION = YES;
				CLANG_WARN_OBJC_IMPLICIT_RETAIN_SELF = YES;
				CLANG_WARN_OBJC_LITERAL_CONVERSION = YES;
				CLANG_WARN_OBJC_ROOT_CLASS = YES_ERROR;
				CLANG_WARN_QUOTED_INCLUDE_IN_FRAMEWORK_HEADER = YES;
				CLANG_WARN_RANGE_LOOP_ANALYSIS = YES;
				CLANG_WARN_STRICT_PROTOTYPES = YES;
				CLANG_WARN_SUSPICIOUS_MOVE = YES;
				CLANG_WARN_UNGUARDED_AVAILABILITY = YES_AGGRESSIVE;
				CLANG_WARN_UNREACHABLE_CODE = YES;
				CLANG_WARN__DUPLICATE_METHOD_MATCH = YES;
				COPY_PHASE_STRIP = NO;
				DEBUG_INFORMATION_FORMAT = "dwarf-with-dsym";
				DEVELOPMENT_TEAM = W7FUQB4L6D;
				ENABLE_HARDENED_RUNTIME = NO;
				ENABLE_NS_ASSERTIONS = NO;
				ENABLE_STRICT_OBJC_MSGSEND = YES;
				ENABLE_USER_SCRIPT_SANDBOXING = YES;
				GCC_C_LANGUAGE_STANDARD = gnu17;
				GCC_NO_COMMON_BLOCKS = YES;
				GCC_WARN_64_TO_32_BIT_CONVERSION = YES;
				GCC_WARN_ABOUT_RETURN_TYPE = YES_ERROR;
				GCC_WARN_UNDECLARED_SELECTOR = YES;
				GCC_WARN_UNINITIALIZED_AUTOS = YES_AGGRESSIVE;
				GCC_WARN_UNUSED_FUNCTION = YES;
				GCC_WARN_UNUSED_VARIABLE = YES;
				LOCALIZATION_PREFERS_STRING_CATALOGS = YES;
				MACOSX_DEPLOYMENT_TARGET = 26.1;
				MTL_ENABLE_DEBUG_INFO = NO;
				MTL_FAST_MATH = YES;
				SDKROOT = macosx;
			};
			name = Release;
		};
		39C1ECBC2F0BB2D50021EF5B /* Debug */ = {
			isa = XCBuildConfiguration;
			buildSettings = {
				ASSETCATALOG_COMPILER_APPICON_NAME = AppIcon;
				ASSETCATALOG_COMPILER_GLOBAL_ACCENT_COLOR_NAME = AccentColor;
				CODE_SIGN_STYLE = Automatic;
				COMBINE_HIDPI_IMAGES = YES;
				CURRENT_PROJECT_VERSION = 1;
				DEVELOPMENT_TEAM = W7FUQB4L6D;
				ENABLE_APP_SANDBOX = NO;
				ENABLE_HARDENED_RUNTIME = NO;
				ENABLE_USER_SELECTED_FILES = readonly;
				GENERATE_INFOPLIST_FILE = YES;
				INFOPLIST_KEY_NSHumanReadableCopyright = "";
				INFOPLIST_KEY_NSMainStoryboardFile = Main;
				INFOPLIST_KEY_NSPrincipalClass = NSApplication;
				LD_RUNPATH_SEARCH_PATHS = (
					"$(inherited)",
					"@executable_path/../Frameworks",
				);
				MACOSX_DEPLOYMENT_TARGET = 26.1;
				MARKETING_VERSION = 1.0;
				PRODUCT_BUNDLE_IDENTIFIER = "skbid.Paloma-Engine";
				PRODUCT_NAME = "$(TARGET_NAME)";
				REGISTER_APP_GROUPS = YES;
				STRING_CATALOG_GENERATE_SYMBOLS = YES;
				SWIFT_EMIT_LOC_STRINGS = YES;
			};
			name = Debug;
		};
		39C1ECBD2F0BB2D50021EF5B /* Release */ = {
			isa = XCBuildConfiguration;
			buildSettings = {
				ASSETCATALOG_COMPILER_APPICON_NAME = AppIcon;
				ASSETCATALOG_COMPILER_GLOBAL_ACCENT_COLOR_NAME = AccentColor;
				CODE_SIGN_STYLE = Automatic;
				COMBINE_HIDPI_IMAGES = YES;
				CURRENT_PROJECT_VERSION = 1;
				DEVELOPMENT_TEAM = W7FUQB4L6D;
				ENABLE_APP_SANDBOX = NO;
				ENABLE_HARDENED_RUNTIME = NO;
				ENABLE_USER_SELECTED_FILES = readonly;
				GENERATE_INFOPLIST_FILE = YES;
				INFOPLIST_KEY_NSHumanReadableCopyright = "";
				INFOPLIST_KEY_NSMainStoryboardFile = Main;
				INFOPLIST_KEY_NSPrincipalClass = NSApplication;
				LD_RUNPATH_SEARCH_PATHS = (
					"$(inherited)",
					"@executable_path/../Frameworks",
				);
				MACOSX_DEPLOYMENT_TARGET = 26.1;
				MARKETING_VERSION = 1.0;
				PRODUCT_BUNDLE_IDENTIFIER = "skbid.Paloma-Engine";
				PRODUCT_NAME = "$(TARGET_NAME)";
				REGISTER_APP_GROUPS = YES;
				STRING_CATALOG_GENERATE_SYMBOLS = YES;
				SWIFT_EMIT_LOC_STRINGS = YES;
			};
			name = Release;
		};
/* End XCBuildConfiguration section */

/* Begin XCConfigurationList section */
		39298E872F0D1992003F4BD1 /* Build configuration list for PBXNativeTarget "Paloma Engine" */ = {
			isa = XCConfigurationList;
			buildConfigurations = (
				39298E882F0D1992003F4BD1 /* Debug */,
				39298E892F0D1992003F4BD1 /* Release */,
			);
			defaultConfigurationIsVisible = 0;
			defaultConfigurationName = Release;
		};
		39C1EC9E2F0BB2D40021EF5B /* Build configuration list for PBXProject "Paloma Engine" */ = {
			isa = XCConfigurationList;
			buildConfigurations = (
				39C1ECB92F0BB2D50021EF5B /* Debug */,
				39C1ECBA2F0BB2D50021EF5B /* Release */,
			);
			defaultConfigurationIsVisible = 0;
			defaultConfigurationName = Release;
		};
		39C1ECBB2F0BB2D50021EF5B /* Build configuration list for PBXNativeTarget "apple example" */ = {
			isa = XCConfigurationList;
			buildConfigurations = (
				39C1ECBC2F0BB2D50021EF5B /* Debug */,
				39C1ECBD2F0BB2D50021EF5B /* Release */,
			);
			defaultConfigurationIsVisible = 0;
			defaultConfigurationName = Release;
		};
/* End XCConfigurationList section */
	};
	rootObject = 39C1EC9B2F0BB2D40021EF5B /* Project object */;
}
