// !$*UTF8*$!
{
	archiveVersion = 1;
	classes = {
	};
	objectVersion = 77;
	objects = {

/* Begin PBXBuildFile section */
		39298E812F0D1992003F4BD1 /* libSDL3.0.dylib in Frameworks */ = {isa = PBXBuildFile; fileRef = 395201182F0BCDF000B8242A /* libSDL3.0.dylib */; };
		39298E822F0D1992003F4BD1 /* Metal.framework in Frameworks */ = {isa = PBXBuildFile; fileRef = 395201162F0BCD8300B8242A /* Metal.framework */; };
		39298E832F0D1992003F4BD1 /* MetalFX.framework in Frameworks */ = {isa = PBXBuildFile; fileRef = 395201142F0BCD7F00B8242A /* MetalFX.framework */; };
		39298E842F0D1992003F4BD1 /* QuartzCore.framework in Frameworks */ = {isa = PBXBuildFile; fileRef = 395201122F0BCD7A00B8242A /* QuartzCore.framework */; };
		39298E852F0D1992003F4BD1 /* Foundation.framework in Frameworks */ = {isa = PBXBuildFile; fileRef = 395201102F0BCD7500B8242A /* Foundation.framework */; };
		39EE21332F0D535F0064F761 /* MetalKit.framework in Frameworks */ = {isa = PBXBuildFile; fileRef = 39EE21322F0D535F0064F761 /* MetalKit.framework */; };
		39EE21352F0D53670064F761 /* Cocoa.framework in Frameworks */ = {isa = PBXBuildFile; fileRef = 39EE21342F0D53670064F761 /* Cocoa.framework */; };
		39EE21372F0D536C0064F761 /* ModelIO.framework in Frameworks */ = {isa = PBXBuildFile; fileRef = 39EE21362F0D536C0064F761 /* ModelIO.framework */; };
/* End PBXBuildFile section */

/* Begin PBXFileReference section */
		39298E8A2F0D1992003F4BD1 /* Paloma Engine.app */ = {isa = PBXFileReference; explicitFileType = wrapper.application; includeInIndex = 0; path = "Paloma Engine.app"; sourceTree = BUILT_PRODUCTS_DIR; };
		393406612F174BCC00005B7A /* Hello Triangle.xcodeproj */ = {isa = PBXFileReference; lastKnownFileType = "wrapper.pb-project"; path = "Hello Triangle.xcodeproj"; sourceTree = "<group>"; };
		393406802F174BCC00005B7A /* MetalKitAndRenderingSetup.xcodeproj */ = {isa = PBXFileReference; lastKnownFileType = "wrapper.pb-project"; path = MetalKitAndRenderingSetup.xcodeproj; sourceTree = "<group>"; };
		393406A62F174BCC00005B7A /* CustomMetalView.xcodeproj */ = {isa = PBXFileReference; lastKnownFileType = "wrapper.pb-project"; path = CustomMetalView.xcodeproj; sourceTree = "<group>"; };
		393406D32F174BCC00005B7A /* Texture Compute.xcodeproj */ = {isa = PBXFileReference; lastKnownFileType = "wrapper.pb-project"; path = "Texture Compute.xcodeproj"; sourceTree = "<group>"; };
		393406F72F174BCC00005B7A /* BasicTexturing.xcodeproj */ = {isa = PBXFileReference; lastKnownFileType = "wrapper.pb-project"; path = BasicTexturing.xcodeproj; sourceTree = "<group>"; };
		393407172F174BCC00005B7A /* DepthTesting.xcodeproj */ = {isa = PBXFileReference; lastKnownFileType = "wrapper.pb-project"; path = DepthTesting.xcodeproj; sourceTree = "<group>"; };
		393407402F174BCC00005B7A /* MultisampleAntialiasing.xcodeproj */ = {isa = PBXFileReference; lastKnownFileType = "wrapper.pb-project"; path = MultisampleAntialiasing.xcodeproj; sourceTree = "<group>"; };
		393407632F174BCC00005B7A /* BasicArgumentBuffers.xcodeproj */ = {isa = PBXFileReference; lastKnownFileType = "wrapper.pb-project"; path = BasicArgumentBuffers.xcodeproj; sourceTree = "<group>"; };
		393407922F174BCC00005B7A /* Fence-based Image Filter.xcodeproj */ = {isa = PBXFileReference; lastKnownFileType = "wrapper.pb-project"; path = "Fence-based Image Filter.xcodeproj"; sourceTree = "<group>"; };
		393407B12F174BCC00005B7A /* Indirect Command Buffers on GPU.xcodeproj */ = {isa = PBXFileReference; lastKnownFileType = "wrapper.pb-project"; path = "Indirect Command Buffers on GPU.xcodeproj"; sourceTree = "<group>"; };
		393407D42F174BCC00005B7A /* ArgumentBufferArraysWithHeaps.xcodeproj */ = {isa = PBXFileReference; lastKnownFileType = "wrapper.pb-project"; path = ArgumentBufferArraysWithHeaps.xcodeproj; sourceTree = "<group>"; };
		393408342F174BCC00005B7A /* DynamicTerrainWithArgumentBuffers.xcodeproj */ = {isa = PBXFileReference; lastKnownFileType = "wrapper.pb-project"; path = DynamicTerrainWithArgumentBuffers.xcodeproj; sourceTree = "<group>"; };
		3934085B2F174BCC00005B7A /* VisibilityResultBuffer.xcodeproj */ = {isa = PBXFileReference; lastKnownFileType = "wrapper.pb-project"; path = VisibilityResultBuffer.xcodeproj; sourceTree = "<group>"; };
		393408F32F174BCC00005B7A /* Deferred Lighting (C++).xcodeproj */ = {isa = PBXFileReference; lastKnownFileType = "wrapper.pb-project"; path = "Deferred Lighting (C++).xcodeproj"; sourceTree = "<group>"; };
		393409322F174BCC00005B7A /* Deferred Lighting (ObjC).xcodeproj */ = {isa = PBXFileReference; lastKnownFileType = "wrapper.pb-project"; path = "Deferred Lighting (ObjC).xcodeproj"; sourceTree = "<group>"; };
		393409852F174BCC00005B7A /* Deferred Lighting (Swift).xcodeproj */ = {isa = PBXFileReference; lastKnownFileType = "wrapper.pb-project"; path = "Deferred Lighting (Swift).xcodeproj"; sourceTree = "<group>"; };
		393409AA2F174BCC00005B7A /* ForwardPlusLightingWithTileShading.xcodeproj */ = {isa = PBXFileReference; lastKnownFileType = "wrapper.pb-project"; path = ForwardPlusLightingWithTileShading.xcodeproj; sourceTree = "<group>"; };
		393409D62F174BCC00005B7A /* ReflectionsWithLayerSelection.xcodeproj */ = {isa = PBXFileReference; lastKnownFileType = "wrapper.pb-project"; path = ReflectionsWithLayerSelection.xcodeproj; sourceTree = "<group>"; };
		39340A332F174BCC00005B7A /* ModernRenderer.xcodeproj */ = {isa = PBXFileReference; lastKnownFileType = "wrapper.pb-project"; path = ModernRenderer.xcodeproj; sourceTree = "<group>"; };
		39340A552F174BCC00005B7A /* SimplePathTracer.xcodeproj */ = {isa = PBXFileReference; lastKnownFileType = "wrapper.pb-project"; path = SimplePathTracer.xcodeproj; sourceTree = "<group>"; };
		39340A762F174BCC00005B7A /* RaytracingWithMotion.xcodeproj */ = {isa = PBXFileReference; lastKnownFileType = "wrapper.pb-project"; path = RaytracingWithMotion.xcodeproj; sourceTree = "<group>"; };
		39340A9D2F174BCC00005B7A /* HybridRendering.xcodeproj */ = {isa = PBXFileReference; lastKnownFileType = "wrapper.pb-project"; path = HybridRendering.xcodeproj; sourceTree = "<group>"; };
		39340ABE2F174BCC00005B7A /* MetalFXUpscaling.xcodeproj */ = {isa = PBXFileReference; lastKnownFileType = "wrapper.pb-project"; path = MetalFXUpscaling.xcodeproj; sourceTree = "<group>"; };
		39340B4C2F174BCC00005B7A /* MeshShadersMetalCPP.xcodeproj */ = {isa = PBXFileReference; lastKnownFileType = "wrapper.pb-project"; path = MeshShadersMetalCPP.xcodeproj; sourceTree = "<group>"; };
		39340B832F174BCC00005B7A /* SparseTextures.xcodeproj */ = {isa = PBXFileReference; lastKnownFileType = "wrapper.pb-project"; path = SparseTextures.xcodeproj; sourceTree = "<group>"; };
		39340BB22F174BCC00005B7A /* MetalFastResourceLoading.xcodeproj */ = {isa = PBXFileReference; lastKnownFileType = "wrapper.pb-project"; path = MetalFastResourceLoading.xcodeproj; sourceTree = "<group>"; };
		39340BDE2F174BCC00005B7A /* FramePacing.xcodeproj */ = {isa = PBXFileReference; lastKnownFileType = "wrapper.pb-project"; path = FramePacing.xcodeproj; sourceTree = "<group>"; };
		39340C0B2F174BCC00005B7A /* LODwithFunctionSpecialization.xcodeproj */ = {isa = PBXFileReference; lastKnownFileType = "wrapper.pb-project"; path = LODwithFunctionSpecialization.xcodeproj; sourceTree = "<group>"; };
		39340C312F174BCC00005B7A /* MetalDynamicLibraries.xcodeproj */ = {isa = PBXFileReference; lastKnownFileType = "wrapper.pb-project"; path = MetalDynamicLibraries.xcodeproj; sourceTree = "<group>"; };
		39340C472F174BCC00005B7A /* Capture Manager.xcodeproj */ = {isa = PBXFileReference; lastKnownFileType = "wrapper.pb-project"; path = "Capture Manager.xcodeproj"; sourceTree = "<group>"; };
		39340C662F174BCC00005B7A /* DeviceFallbackForCompute.xcodeproj */ = {isa = PBXFileReference; lastKnownFileType = "wrapper.pb-project"; path = DeviceFallbackForCompute.xcodeproj; sourceTree = "<group>"; };
		39340C9A2F174BCC00005B7A /* OpenGL and Metal Interoperability.xcodeproj */ = {isa = PBXFileReference; lastKnownFileType = "wrapper.pb-project"; path = "OpenGL and Metal Interoperability.xcodeproj"; sourceTree = "<group>"; };
		39340D882F174BCC00005B7A /* Post Processor.xcodeproj */ = {isa = PBXFileReference; lastKnownFileType = "wrapper.pb-project"; path = "Post Processor.xcodeproj"; sourceTree = "<group>"; };
		39340DB02F174BCC00005B7A /* Metal4Basics.xcodeproj */ = {isa = PBXFileReference; lastKnownFileType = "wrapper.pb-project"; path = Metal4Basics.xcodeproj; sourceTree = "<group>"; };
		39340DD62F174BCC00005B7A /* Metal4Basics.xcodeproj */ = {isa = PBXFileReference; lastKnownFileType = "wrapper.pb-project"; path = Metal4Basics.xcodeproj; sourceTree = "<group>"; };
		39341B8C2F1882B900005B7A /* example_apple_metal.xcodeproj */ = {isa = PBXFileReference; lastKnownFileType = "wrapper.pb-project"; path = example_apple_metal.xcodeproj; sourceTree = "<group>"; };
		39341B912F1882B900005B7A /* example_apple_opengl2.xcodeproj */ = {isa = PBXFileReference; lastKnownFileType = "wrapper.pb-project"; path = example_apple_opengl2.xcodeproj; sourceTree = "<group>"; };
		39341F232F1882B900005B7A /* WidgetFramework.xcodeproj */ = {isa = PBXFileReference; lastKnownFileType = "wrapper.pb-project"; path = WidgetFramework.xcodeproj; sourceTree = "<group>"; };
		39341F292F1882B900005B7A /* gtest.xcodeproj */ = {isa = PBXFileReference; lastKnownFileType = "wrapper.pb-project"; path = gtest.xcodeproj; sourceTree = "<group>"; };
		393421F62F1882A500005B7A /* backend-test.xcodeproj */ = {isa = PBXFileReference; lastKnownFileType = "wrapper.pb-project"; path = "backend-test.xcodeproj"; sourceTree = "<group>"; };
		3934220B2F1882A500005B7A /* gltf-viewer.xcodeproj */ = {isa = PBXFileReference; lastKnownFileType = "wrapper.pb-project"; path = "gltf-viewer.xcodeproj"; sourceTree = "<group>"; };
		3934221D2F1882A500005B7A /* HelloCocoaPods.xcodeproj */ = {isa = PBXFileReference; lastKnownFileType = "wrapper.pb-project"; path = HelloCocoaPods.xcodeproj; sourceTree = "<group>"; };
		3934225C2F1882A500005B7A /* hello-ar.xcodeproj */ = {isa = PBXFileReference; lastKnownFileType = "wrapper.pb-project"; path = "hello-ar.xcodeproj"; sourceTree = "<group>"; };
		393422772F1882A500005B7A /* hello-gltf.xcodeproj */ = {isa = PBXFileReference; lastKnownFileType = "wrapper.pb-project"; path = "hello-gltf.xcodeproj"; sourceTree = "<group>"; };
		393422912F1882A500005B7A /* hello-pbr.xcodeproj */ = {isa = PBXFileReference; lastKnownFileType = "wrapper.pb-project"; path = "hello-pbr.xcodeproj"; sourceTree = "<group>"; };
		393422A62F1882A500005B7A /* hello-triangle.xcodeproj */ = {isa = PBXFileReference; lastKnownFileType = "wrapper.pb-project"; path = "hello-triangle.xcodeproj"; sourceTree = "<group>"; };
		393422C42F1882A500005B7A /* transparent-rendering.xcodeproj */ = {isa = PBXFileReference; lastKnownFileType = "wrapper.pb-project"; path = "transparent-rendering.xcodeproj"; sourceTree = "<group>"; };
		39342A4B2F1882B900005B7A /* SDL.xcodeproj */ = {isa = PBXFileReference; lastKnownFileType = "wrapper.pb-project"; path = SDL.xcodeproj; sourceTree = "<group>"; };
		39342A4D2F1882B900005B7A /* SDLTest.xcodeproj */ = {isa = PBXFileReference; lastKnownFileType = "wrapper.pb-project"; path = SDLTest.xcodeproj; sourceTree = "<group>"; };
		39342A6B2F1882B900005B7A /* Demos.xcodeproj */ = {isa = PBXFileReference; lastKnownFileType = "wrapper.pb-project"; path = Demos.xcodeproj; sourceTree = "<group>"; };
		39342A712F1882B900005B7A /* SDL.xcodeproj */ = {isa = PBXFileReference; lastKnownFileType = "wrapper.pb-project"; path = SDL.xcodeproj; sourceTree = "<group>"; };
		39342A732F1882B900005B7A /* SDL2test.xcodeproj */ = {isa = PBXFileReference; lastKnownFileType = "wrapper.pb-project"; path = SDL2test.xcodeproj; sourceTree = "<group>"; };
		39342A752F1882B900005B7A /* ___PROJECTNAME___.xcodeproj */ = {isa = PBXFileReference; lastKnownFileType = "wrapper.pb-project"; path = "___PROJECTNAME___.xcodeproj"; sourceTree = "<group>"; };
		39342A7F2F1882B900005B7A /* TestiPhoneOS.xcodeproj */ = {isa = PBXFileReference; lastKnownFileType = "wrapper.pb-project"; path = TestiPhoneOS.xcodeproj; sourceTree = "<group>"; };
		395201102F0BCD7500B8242A /* Foundation.framework */ = {isa = PBXFileReference; lastKnownFileType = wrapper.framework; name = Foundation.framework; path = System/Library/Frameworks/Foundation.framework; sourceTree = SDKROOT; };
		395201122F0BCD7A00B8242A /* QuartzCore.framework */ = {isa = PBXFileReference; lastKnownFileType = wrapper.framework; name = QuartzCore.framework; path = System/Library/Frameworks/QuartzCore.framework; sourceTree = SDKROOT; };
		395201142F0BCD7F00B8242A /* MetalFX.framework */ = {isa = PBXFileReference; lastKnownFileType = wrapper.framework; name = MetalFX.framework; path = System/Library/Frameworks/MetalFX.framework; sourceTree = SDKROOT; };
		395201162F0BCD8300B8242A /* Metal.framework */ = {isa = PBXFileReference; lastKnownFileType = wrapper.framework; name = Metal.framework; path = System/Library/Frameworks/Metal.framework; sourceTree = SDKROOT; };
		395201182F0BCDF000B8242A /* libSDL3.0.dylib */ = {isa = PBXFileReference; lastKnownFileType = "compiled.mach-o.dylib"; name = libSDL3.0.dylib; path = ../../../../opt/homebrew/Cellar/sdl3/3.2.28/lib/libSDL3.0.dylib; sourceTree = "<group>"; };
		39C1ECA32F0BB2D40021EF5B /* apple example.app */ = {isa = PBXFileReference; explicitFileType = wrapper.application; includeInIndex = 0; path = "apple example.app"; sourceTree = BUILT_PRODUCTS_DIR; };
		39EE21322F0D535F0064F761 /* MetalKit.framework */ = {isa = PBXFileReference; lastKnownFileType = wrapper.framework; name = MetalKit.framework; path = System/Library/Frameworks/MetalKit.framework; sourceTree = SDKROOT; };
		39EE21342F0D53670064F761 /* Cocoa.framework */ = {isa = PBXFileReference; lastKnownFileType = wrapper.framework; name = Cocoa.framework; path = System/Library/Frameworks/Cocoa.framework; sourceTree = SDKROOT; };
		39EE21362F0D536C0064F761 /* ModelIO.framework */ = {isa = PBXFileReference; lastKnownFileType = wrapper.framework; name = ModelIO.framework; path = System/Library/Frameworks/ModelIO.framework; sourceTree = SDKROOT; };
/* End PBXFileReference section */

/* Begin PBXFileSystemSynchronizedRootGroup section */
		39340DD92F174BCC00005B7A /* Docs */ = {
			isa = PBXFileSystemSynchronizedRootGroup;
			path = Docs;
			sourceTree = "<group>";
		};
		39C1ECA52F0BB2D40021EF5B /* Paloma Engine */ = {
			isa = PBXFileSystemSynchronizedRootGroup;
			path = "Paloma Engine";
			sourceTree = "<group>";
		};
/* End PBXFileSystemSynchronizedRootGroup section */

/* Begin PBXFrameworksBuildPhase section */
		39298E802F0D1992003F4BD1 /* Frameworks */ = {
			isa = PBXFrameworksBuildPhase;
			buildActionMask = 2147483647;
			files = (
				39EE21372F0D536C0064F761 /* ModelIO.framework in Frameworks */,
				39EE21352F0D53670064F761 /* Cocoa.framework in Frameworks */,
				39EE21332F0D535F0064F761 /* MetalKit.framework in Frameworks */,
				39298E812F0D1992003F4BD1 /* libSDL3.0.dylib in Frameworks */,
				39298E822F0D1992003F4BD1 /* Metal.framework in Frameworks */,
				39298E832F0D1992003F4BD1 /* MetalFX.framework in Frameworks */,
				39298E842F0D1992003F4BD1 /* QuartzCore.framework in Frameworks */,
				39298E852F0D1992003F4BD1 /* Foundation.framework in Frameworks */,
			);
			runOnlyForDeploymentPostprocessing = 0;
		};
		39C1ECA02F0BB2D40021EF5B /* Frameworks */ = {
			isa = PBXFrameworksBuildPhase;
			buildActionMask = 2147483647;
			files = (
			);
			runOnlyForDeploymentPostprocessing = 0;
		};
/* End PBXFrameworksBuildPhase section */

/* Begin PBXGroup section */
		39340DDA2F174BCC00005B7A /* Products */ = {
			isa = PBXGroup;
			children = (
			);
			name = Products;
			sourceTree = "<group>";
		};
		39340DDC2F174BCC00005B7A /* Products */ = {
			isa = PBXGroup;
			children = (
			);
			name = Products;
			sourceTree = "<group>";
		};
		39340DDE2F174BCC00005B7A /* Products */ = {
			isa = PBXGroup;
			children = (
			);
			name = Products;
			sourceTree = "<group>";
		};
		39340DE02F174BCC00005B7A /* Products */ = {
			isa = PBXGroup;
			children = (
			);
			name = Products;
			sourceTree = "<group>";
		};
		39340DE22F174BCC00005B7A /* Products */ = {
			isa = PBXGroup;
			children = (
			);
			name = Products;
			sourceTree = "<group>";
		};
		39340DE42F174BCC00005B7A /* Products */ = {
			isa = PBXGroup;
			children = (
			);
			name = Products;
			sourceTree = "<group>";
		};
		39340DE62F174BCC00005B7A /* Products */ = {
			isa = PBXGroup;
			children = (
			);
			name = Products;
			sourceTree = "<group>";
		};
		39340DE82F174BCC00005B7A /* Products */ = {
			isa = PBXGroup;
			children = (
			);
			name = Products;
			sourceTree = "<group>";
		};
		39340DEA2F174BCC00005B7A /* Products */ = {
			isa = PBXGroup;
			children = (
			);
			name = Products;
			sourceTree = "<group>";
		};
		39340DEC2F174BCC00005B7A /* Products */ = {
			isa = PBXGroup;
			children = (
			);
			name = Products;
			sourceTree = "<group>";
		};
		39340DEE2F174BCC00005B7A /* Products */ = {
			isa = PBXGroup;
			children = (
			);
			name = Products;
			sourceTree = "<group>";
		};
		39340DF02F174BCC00005B7A /* Products */ = {
			isa = PBXGroup;
			children = (
			);
			name = Products;
			sourceTree = "<group>";
		};
		39340DF22F174BCC00005B7A /* Products */ = {
			isa = PBXGroup;
			children = (
			);
			name = Products;
			sourceTree = "<group>";
		};
		39340DF42F174BCC00005B7A /* Products */ = {
			isa = PBXGroup;
			children = (
			);
			name = Products;
			sourceTree = "<group>";
		};
		39340DF62F174BCC00005B7A /* Products */ = {
			isa = PBXGroup;
			children = (
			);
			name = Products;
			sourceTree = "<group>";
		};
		39340DF82F174BCC00005B7A /* Products */ = {
			isa = PBXGroup;
			children = (
			);
			name = Products;
			sourceTree = "<group>";
		};
		39340DFA2F174BCC00005B7A /* Products */ = {
			isa = PBXGroup;
			children = (
			);
			name = Products;
			sourceTree = "<group>";
		};
		39340DFC2F174BCC00005B7A /* Products */ = {
			isa = PBXGroup;
			children = (
			);
			name = Products;
			sourceTree = "<group>";
		};
		39340DFE2F174BCC00005B7A /* Products */ = {
			isa = PBXGroup;
			children = (
			);
			name = Products;
			sourceTree = "<group>";
		};
		39340E002F174BCC00005B7A /* Products */ = {
			isa = PBXGroup;
			children = (
			);
			name = Products;
			sourceTree = "<group>";
		};
		39340E022F174BCC00005B7A /* Products */ = {
			isa = PBXGroup;
			children = (
			);
			name = Products;
			sourceTree = "<group>";
		};
		39340E042F174BCC00005B7A /* Products */ = {
			isa = PBXGroup;
			children = (
			);
			name = Products;
			sourceTree = "<group>";
		};
		39340E062F174BCC00005B7A /* Products */ = {
			isa = PBXGroup;
			children = (
			);
			name = Products;
			sourceTree = "<group>";
		};
		39340E082F174BCC00005B7A /* Products */ = {
			isa = PBXGroup;
			children = (
			);
			name = Products;
			sourceTree = "<group>";
		};
		39340E0A2F174BCC00005B7A /* Products */ = {
			isa = PBXGroup;
			children = (
			);
			name = Products;
			sourceTree = "<group>";
		};
		39340E0C2F174BCC00005B7A /* Products */ = {
			isa = PBXGroup;
			children = (
			);
			name = Products;
			sourceTree = "<group>";
		};
		39340E0E2F174BCC00005B7A /* Products */ = {
			isa = PBXGroup;
			children = (
			);
			name = Products;
			sourceTree = "<group>";
		};
		39340E102F174BCC00005B7A /* Products */ = {
			isa = PBXGroup;
			children = (
			);
			name = Products;
			sourceTree = "<group>";
		};
		39340E122F174BCC00005B7A /* Products */ = {
			isa = PBXGroup;
			children = (
			);
			name = Products;
			sourceTree = "<group>";
		};
		39340E142F174BCC00005B7A /* Products */ = {
			isa = PBXGroup;
			children = (
			);
			name = Products;
			sourceTree = "<group>";
		};
		39340E162F174BCC00005B7A /* Products */ = {
			isa = PBXGroup;
			children = (
			);
			name = Products;
			sourceTree = "<group>";
		};
		39340E182F174BCC00005B7A /* Products */ = {
			isa = PBXGroup;
			children = (
			);
			name = Products;
			sourceTree = "<group>";
		};
		39340E1A2F174BCC00005B7A /* Products */ = {
			isa = PBXGroup;
			children = (
			);
			name = Products;
			sourceTree = "<group>";
		};
		39340E1C2F174BCC00005B7A /* Products */ = {
			isa = PBXGroup;
			children = (
			);
			name = Products;
			sourceTree = "<group>";
		};
		39340E1E2F174BCC00005B7A /* Products */ = {
			isa = PBXGroup;
			children = (
			);
			name = Products;
			sourceTree = "<group>";
		};
		393422252F1882A500005B7A /* Products */ = {
			isa = PBXGroup;
			children = (
			);
			name = Products;
			sourceTree = "<group>";
		};
		393422272F1882A500005B7A /* Products */ = {
			isa = PBXGroup;
			children = (
			);
			name = Products;
			sourceTree = "<group>";
		};
		393422292F1882A500005B7A /* Products */ = {
			isa = PBXGroup;
			children = (
			);
			name = Products;
			sourceTree = "<group>";
		};
		393422A92F1882A500005B7A /* Products */ = {
			isa = PBXGroup;
			children = (
			);
			name = Products;
			sourceTree = "<group>";
		};
		393422AB2F1882A500005B7A /* Products */ = {
			isa = PBXGroup;
			children = (
			);
			name = Products;
			sourceTree = "<group>";
		};
		393422AD2F1882A500005B7A /* Products */ = {
			isa = PBXGroup;
			children = (
			);
			name = Products;
			sourceTree = "<group>";
		};
		393422AF2F1882A500005B7A /* Products */ = {
			isa = PBXGroup;
			children = (
			);
			name = Products;
			sourceTree = "<group>";
		};
		393422C62F1882A500005B7A /* Products */ = {
			isa = PBXGroup;
			children = (
			);
			name = Products;
			sourceTree = "<group>";
		};
		39342A9F2F1882B900005B7A /* Products */ = {
			isa = PBXGroup;
			children = (
			);
			name = Products;
			sourceTree = "<group>";
		};
		39342AA12F1882B900005B7A /* Products */ = {
			isa = PBXGroup;
			children = (
			);
			name = Products;
			sourceTree = "<group>";
		};
		39342AA32F1882B900005B7A /* Products */ = {
			isa = PBXGroup;
			children = (
			);
			name = Products;
			sourceTree = "<group>";
		};
		39342AA52F1882B900005B7A /* Products */ = {
			isa = PBXGroup;
			children = (
			);
			name = Products;
			sourceTree = "<group>";
		};
		39342AA72F1882B900005B7A /* Products */ = {
			isa = PBXGroup;
			children = (
			);
			name = Products;
			sourceTree = "<group>";
		};
		39342AA92F1882B900005B7A /* Products */ = {
			isa = PBXGroup;
			children = (
			);
			name = Products;
			sourceTree = "<group>";
		};
		39342AAB2F1882B900005B7A /* Products */ = {
			isa = PBXGroup;
			children = (
			);
			name = Products;
			sourceTree = "<group>";
		};
		39342AAD2F1882B900005B7A /* Products */ = {
			isa = PBXGroup;
			children = (
			);
			name = Products;
			sourceTree = "<group>";
		};
		39342AAF2F1882B900005B7A /* Products */ = {
			isa = PBXGroup;
			children = (
			);
			name = Products;
			sourceTree = "<group>";
		};
		39342AB12F1882B900005B7A /* Products */ = {
			isa = PBXGroup;
			children = (
			);
			name = Products;
			sourceTree = "<group>";
		};
		39342AB32F1882B900005B7A /* Products */ = {
			isa = PBXGroup;
			children = (
			);
			name = Products;
			sourceTree = "<group>";
		};
		3952010F2F0BCD7500B8242A /* Frameworks */ = {
			isa = PBXGroup;
			children = (
				39EE21362F0D536C0064F761 /* ModelIO.framework */,
				39EE21342F0D53670064F761 /* Cocoa.framework */,
				39EE21322F0D535F0064F761 /* MetalKit.framework */,
				395201182F0BCDF000B8242A /* libSDL3.0.dylib */,
				395201162F0BCD8300B8242A /* Metal.framework */,
				395201142F0BCD7F00B8242A /* MetalFX.framework */,
				395201122F0BCD7A00B8242A /* QuartzCore.framework */,
				395201102F0BCD7500B8242A /* Foundation.framework */,
			);
			name = Frameworks;
			sourceTree = "<group>";
		};
		39C1EC9A2F0BB2D40021EF5B = {
			isa = PBXGroup;
			children = (
				39C1ECA52F0BB2D40021EF5B /* Paloma Engine */,
				3952010F2F0BCD7500B8242A /* Frameworks */,
				39C1ECA42F0BB2D40021EF5B /* Products */,
				39340DD92F174BCC00005B7A /* Docs */,
			);
			sourceTree = "<group>";
		};
		39C1ECA42F0BB2D40021EF5B /* Products */ = {
			isa = PBXGroup;
			children = (
				39C1ECA32F0BB2D40021EF5B /* apple example.app */,
				39298E8A2F0D1992003F4BD1 /* Paloma Engine.app */,
			);
			name = Products;
			sourceTree = "<group>";
		};
/* End PBXGroup section */

/* Begin PBXNativeTarget section */
		39298E7E2F0D1992003F4BD1 /* Paloma Engine */ = {
			isa = PBXNativeTarget;
			buildConfigurationList = 39298E872F0D1992003F4BD1 /* Build configuration list for PBXNativeTarget "Paloma Engine" */;
			buildPhases = (
				39298E7F2F0D1992003F4BD1 /* Sources */,
				39298E802F0D1992003F4BD1 /* Frameworks */,
				39298E862F0D1992003F4BD1 /* Resources */,
			);
			buildRules = (
			);
			dependencies = (
			);
			fileSystemSynchronizedGroups = (
				39C1ECA52F0BB2D40021EF5B /* Paloma Engine */,
			);
			name = "Paloma Engine";
			packageProductDependencies = (
			);
			productName = "metalcpp-cube";
			productReference = 39298E8A2F0D1992003F4BD1 /* Paloma Engine.app */;
			productType = "com.apple.product-type.application";
		};
		39C1ECA22F0BB2D40021EF5B /* apple example */ = {
			isa = PBXNativeTarget;
			buildConfigurationList = 39C1ECBB2F0BB2D50021EF5B /* Build configuration list for PBXNativeTarget "apple example" */;
			buildPhases = (
				39C1EC9F2F0BB2D40021EF5B /* Sources */,
				39C1ECA02F0BB2D40021EF5B /* Frameworks */,
				39C1ECA12F0BB2D40021EF5B /* Resources */,
			);
			buildRules = (
			);
			dependencies = (
			);
			fileSystemSynchronizedGroups = (
				39340DD92F174BCC00005B7A /* Docs */,
			);
			name = "apple example";
			packageProductDependencies = (
			);
			productName = "Paloma Engine";
			productReference = 39C1ECA32F0BB2D40021EF5B /* apple example.app */;
			productType = "com.apple.product-type.application";
		};
/* End PBXNativeTarget section */

/* Begin PBXProject section */
		39C1EC9B2F0BB2D40021EF5B /* Project object */ = {
			isa = PBXProject;
			attributes = {
				BuildIndependentTargetsInParallel = 1;
				LastSwiftUpdateCheck = 2610;
				LastUpgradeCheck = 2610;
				TargetAttributes = {
					39298E7E2F0D1992003F4BD1 = {
						LastSwiftMigration = 2610;
					};
					39C1ECA22F0BB2D40021EF5B = {
						CreatedOnToolsVersion = 26.1.1;
					};
				};
			};
			buildConfigurationList = 39C1EC9E2F0BB2D40021EF5B /* Build configuration list for PBXProject "Paloma Engine" */;
			developmentRegion = en;
			hasScannedForEncodings = 0;
			knownRegions = (
				en,
				Base,
			);
			mainGroup = 39C1EC9A2F0BB2D40021EF5B;
			minimizedProjectReferenceProxies = 1;
			preferredProjectObjectVersion = 77;
			productRefGroup = 39C1ECA42F0BB2D40021EF5B /* Products */;
			projectDirPath = "";
			projectReferences = (
				{
					ProductGroup = 39342AB12F1882B900005B7A /* Products */;
					ProjectRef = 39342A752F1882B900005B7A /* ___PROJECTNAME___.xcodeproj */;
				},
				{
					ProductGroup = 39340E182F174BCC00005B7A /* Products */;
					ProjectRef = 393407D42F174BCC00005B7A /* ArgumentBufferArraysWithHeaps.xcodeproj */;
				},
				{
					ProductGroup = 393422272F1882A500005B7A /* Products */;
					ProjectRef = 393421F62F1882A500005B7A /* backend-test.xcodeproj */;
				},
				{
					ProductGroup = 39340E1C2F174BCC00005B7A /* Products */;
					ProjectRef = 393407632F174BCC00005B7A /* BasicArgumentBuffers.xcodeproj */;
				},
				{
					ProductGroup = 39340DFC2F174BCC00005B7A /* Products */;
					ProjectRef = 393406F72F174BCC00005B7A /* BasicTexturing.xcodeproj */;
				},
				{
					ProductGroup = 39340DE42F174BCC00005B7A /* Products */;
					ProjectRef = 39340C472F174BCC00005B7A /* Capture Manager.xcodeproj */;
				},
				{
					ProductGroup = 39340DF82F174BCC00005B7A /* Products */;
					ProjectRef = 393406A62F174BCC00005B7A /* CustomMetalView.xcodeproj */;
				},
				{
					ProductGroup = 39340E002F174BCC00005B7A /* Products */;
					ProjectRef = 393408F32F174BCC00005B7A /* Deferred Lighting (C++).xcodeproj */;
				},
				{
					ProductGroup = 39340DE02F174BCC00005B7A /* Products */;
					ProjectRef = 393409322F174BCC00005B7A /* Deferred Lighting (ObjC).xcodeproj */;
				},
				{
					ProductGroup = 39340DFA2F174BCC00005B7A /* Products */;
					ProjectRef = 393409852F174BCC00005B7A /* Deferred Lighting (Swift).xcodeproj */;
				},
				{
					ProductGroup = 39342AA12F1882B900005B7A /* Products */;
					ProjectRef = 39342A6B2F1882B900005B7A /* Demos.xcodeproj */;
				},
				{
					ProductGroup = 39340E122F174BCC00005B7A /* Products */;
					ProjectRef = 393407172F174BCC00005B7A /* DepthTesting.xcodeproj */;
				},
				{
					ProductGroup = 39340DE82F174BCC00005B7A /* Products */;
					ProjectRef = 39340C662F174BCC00005B7A /* DeviceFallbackForCompute.xcodeproj */;
				},
				{
					ProductGroup = 39340E042F174BCC00005B7A /* Products */;
					ProjectRef = 393408342F174BCC00005B7A /* DynamicTerrainWithArgumentBuffers.xcodeproj */;
				},
				{
					ProductGroup = 39342A9F2F1882B900005B7A /* Products */;
					ProjectRef = 39341B8C2F1882B900005B7A /* example_apple_metal.xcodeproj */;
				},
				{
					ProductGroup = 39342AA72F1882B900005B7A /* Products */;
					ProjectRef = 39341B912F1882B900005B7A /* example_apple_opengl2.xcodeproj */;
				},
				{
					ProductGroup = 39340DEE2F174BCC00005B7A /* Products */;
					ProjectRef = 393407922F174BCC00005B7A /* Fence-based Image Filter.xcodeproj */;
				},
				{
					ProductGroup = 39340DEA2F174BCC00005B7A /* Products */;
					ProjectRef = 393409AA2F174BCC00005B7A /* ForwardPlusLightingWithTileShading.xcodeproj */;
				},
				{
					ProductGroup = 39340E1E2F174BCC00005B7A /* Products */;
					ProjectRef = 39340BDE2F174BCC00005B7A /* FramePacing.xcodeproj */;
				},
				{
					ProductGroup = 393422292F1882A500005B7A /* Products */;
					ProjectRef = 3934220B2F1882A500005B7A /* gltf-viewer.xcodeproj */;
				},
				{
					ProductGroup = 39342AAF2F1882B900005B7A /* Products */;
					ProjectRef = 39341F292F1882B900005B7A /* gtest.xcodeproj */;
				},
				{
					ProductGroup = 39340E022F174BCC00005B7A /* Products */;
					ProjectRef = 393406612F174BCC00005B7A /* Hello Triangle.xcodeproj */;
				},
				{
					ProductGroup = 393422AB2F1882A500005B7A /* Products */;
					ProjectRef = 3934225C2F1882A500005B7A /* hello-ar.xcodeproj */;
				},
				{
					ProductGroup = 393422A92F1882A500005B7A /* Products */;
					ProjectRef = 393422772F1882A500005B7A /* hello-gltf.xcodeproj */;
				},
				{
					ProductGroup = 393422AD2F1882A500005B7A /* Products */;
					ProjectRef = 393422912F1882A500005B7A /* hello-pbr.xcodeproj */;
				},
				{
					ProductGroup = 393422AF2F1882A500005B7A /* Products */;
					ProjectRef = 393422A62F1882A500005B7A /* hello-triangle.xcodeproj */;
				},
				{
					ProductGroup = 393422252F1882A500005B7A /* Products */;
					ProjectRef = 3934221D2F1882A500005B7A /* HelloCocoaPods.xcodeproj */;
				},
				{
					ProductGroup = 39340DF42F174BCC00005B7A /* Products */;
					ProjectRef = 39340A9D2F174BCC00005B7A /* HybridRendering.xcodeproj */;
				},
				{
					ProductGroup = 39340DF22F174BCC00005B7A /* Products */;
					ProjectRef = 393407B12F174BCC00005B7A /* Indirect Command Buffers on GPU.xcodeproj */;
				},
				{
					ProductGroup = 39340E1A2F174BCC00005B7A /* Products */;
					ProjectRef = 39340C0B2F174BCC00005B7A /* LODwithFunctionSpecialization.xcodeproj */;
				},
				{
					ProductGroup = 39340E062F174BCC00005B7A /* Products */;
					ProjectRef = 39340B4C2F174BCC00005B7A /* MeshShadersMetalCPP.xcodeproj */;
				},
				{
					ProductGroup = 39340E0E2F174BCC00005B7A /* Products */;
					ProjectRef = 39340DD62F174BCC00005B7A /* Metal4Basics.xcodeproj */;
				},
				{
					ProductGroup = 39340DDC2F174BCC00005B7A /* Products */;
					ProjectRef = 39340DB02F174BCC00005B7A /* Metal4Basics.xcodeproj */;
				},
				{
					ProductGroup = 39340E082F174BCC00005B7A /* Products */;
					ProjectRef = 39340C312F174BCC00005B7A /* MetalDynamicLibraries.xcodeproj */;
				},
				{
					ProductGroup = 39340DFE2F174BCC00005B7A /* Products */;
					ProjectRef = 39340BB22F174BCC00005B7A /* MetalFastResourceLoading.xcodeproj */;
				},
				{
					ProductGroup = 39340DE62F174BCC00005B7A /* Products */;
					ProjectRef = 39340ABE2F174BCC00005B7A /* MetalFXUpscaling.xcodeproj */;
				},
				{
					ProductGroup = 39340DF62F174BCC00005B7A /* Products */;
					ProjectRef = 393406802F174BCC00005B7A /* MetalKitAndRenderingSetup.xcodeproj */;
				},
				{
					ProductGroup = 39340DE22F174BCC00005B7A /* Products */;
					ProjectRef = 39340A332F174BCC00005B7A /* ModernRenderer.xcodeproj */;
				},
				{
					ProductGroup = 39340E162F174BCC00005B7A /* Products */;
					ProjectRef = 393407402F174BCC00005B7A /* MultisampleAntialiasing.xcodeproj */;
				},
				{
					ProductGroup = 39340E142F174BCC00005B7A /* Products */;
					ProjectRef = 39340C9A2F174BCC00005B7A /* OpenGL and Metal Interoperability.xcodeproj */;
				},
				{
					ProductGroup = 39340DEC2F174BCC00005B7A /* Products */;
					ProjectRef = 39340D882F174BCC00005B7A /* Post Processor.xcodeproj */;
				},
				{
					ProductGroup = 39340E102F174BCC00005B7A /* Products */;
					ProjectRef = 39340A762F174BCC00005B7A /* RaytracingWithMotion.xcodeproj */;
				},
				{
					ProductGroup = 39340E0A2F174BCC00005B7A /* Products */;
					ProjectRef = 393409D62F174BCC00005B7A /* ReflectionsWithLayerSelection.xcodeproj */;
				},
				{
					ProductGroup = 39342AA52F1882B900005B7A /* Products */;
					ProjectRef = 39342A4B2F1882B900005B7A /* SDL.xcodeproj */;
				},
				{
					ProductGroup = 39342AA92F1882B900005B7A /* Products */;
					ProjectRef = 39342A712F1882B900005B7A /* SDL.xcodeproj */;
				},
				{
					ProductGroup = 39342AAB2F1882B900005B7A /* Products */;
					ProjectRef = 39342A732F1882B900005B7A /* SDL2test.xcodeproj */;
				},
				{
					ProductGroup = 39342AB32F1882B900005B7A /* Products */;
					ProjectRef = 39342A4D2F1882B900005B7A /* SDLTest.xcodeproj */;
				},
				{
					ProductGroup = 39340DDA2F174BCC00005B7A /* Products */;
					ProjectRef = 39340A552F174BCC00005B7A /* SimplePathTracer.xcodeproj */;
				},
				{
					ProductGroup = 39340DF02F174BCC00005B7A /* Products */;
					ProjectRef = 39340B832F174BCC00005B7A /* SparseTextures.xcodeproj */;
				},
				{
					ProductGroup = 39342AAD2F1882B900005B7A /* Products */;
					ProjectRef = 39342A7F2F1882B900005B7A /* TestiPhoneOS.xcodeproj */;
				},
				{
					ProductGroup = 39340E0C2F174BCC00005B7A /* Products */;
					ProjectRef = 393406D32F174BCC00005B7A /* Texture Compute.xcodeproj */;
				},
				{
					ProductGroup = 393422C62F1882A500005B7A /* Products */;
					ProjectRef = 393422C42F1882A500005B7A /* transparent-rendering.xcodeproj */;
				},
				{
					ProductGroup = 39340DDE2F174BCC00005B7A /* Products */;
					ProjectRef = 3934085B2F174BCC00005B7A /* VisibilityResultBuffer.xcodeproj */;
				},
				{
					ProductGroup = 39342AA32F1882B900005B7A /* Products */;
					ProjectRef = 39341F232F1882B900005B7A /* WidgetFramework.xcodeproj */;
				},
			);
			projectRoot = "";
			targets = (
				39C1ECA22F0BB2D40021EF5B /* apple example */,
				39298E7E2F0D1992003F4BD1 /* Paloma Engine */,
			);
		};
/* End PBXProject section */

/* Begin PBXResourcesBuildPhase section */
		39298E862F0D1992003F4BD1 /* Resources */ = {
			isa = PBXResourcesBuildPhase;
			buildActionMask = 2147483647;
			files = (
			);
			runOnlyForDeploymentPostprocessing = 0;
		};
		39C1ECA12F0BB2D40021EF5B /* Resources */ = {
			isa = PBXResourcesBuildPhase;
			buildActionMask = 2147483647;
			files = (
			);
			runOnlyForDeploymentPostprocessing = 0;
		};
/* End PBXResourcesBuildPhase section */

/* Begin PBXSourcesBuildPhase section */
		39298E7F2F0D1992003F4BD1 /* Sources */ = {
			isa = PBXSourcesBuildPhase;
			buildActionMask = 2147483647;
			files = (
			);
			runOnlyForDeploymentPostprocessing = 0;
		};
		39C1EC9F2F0BB2D40021EF5B /* Sources */ = {
			isa = PBXSourcesBuildPhase;
			buildActionMask = 2147483647;
			files = (
			);
			runOnlyForDeploymentPostprocessing = 0;
		};
/* End PBXSourcesBuildPhase section */

/* Begin XCBuildConfiguration section */
		39298E882F0D1992003F4BD1 /* Debug */ = {
			isa = XCBuildConfiguration;
			buildSettings = {
				ASSETCATALOG_COMPILER_APPICON_NAME = AppIcon;
				ASSETCATALOG_COMPILER_GLOBAL_ACCENT_COLOR_NAME = AccentColor;
				CLANG_CXX_LANGUAGE_STANDARD = "gnu++23";
				CLANG_ENABLE_MODULES = YES;
				CODE_SIGN_STYLE = Automatic;
				COMBINE_HIDPI_IMAGES = YES;
				CURRENT_PROJECT_VERSION = 1;
				DEVELOPMENT_TEAM = W7FUQB4L6D;
				ENABLE_APP_SANDBOX = NO;
				ENABLE_HARDENED_RUNTIME = NO;
				ENABLE_PREVIEWS = YES;
				ENABLE_USER_SELECTED_FILES = readonly;
				GCC_C_LANGUAGE_STANDARD = c23;
				GENERATE_INFOPLIST_FILE = YES;
				INFOPLIST_FILE = "Paloma-Engine-Info.plist";
				INFOPLIST_KEY_NSHumanReadableCopyright = "";
				INFOPLIST_KEY_NSMainStoryboardFile = Main;
				LD_RUNPATH_SEARCH_PATHS = (
					"$(inherited)",
					"@executable_path/../Frameworks",
				);
				LIBRARY_SEARCH_PATHS = (
					"$(inherited)",
					/opt/homebrew/Cellar/sdl3/3.2.28/lib,
				);
				MARKETING_VERSION = 1.0;
				PRODUCT_BUNDLE_IDENTIFIER = "skbid.metalcpp-cube";
				PRODUCT_NAME = "$(TARGET_NAME)";
				REGISTER_APP_GROUPS = YES;
				STRING_CATALOG_GENERATE_SYMBOLS = YES;
				SWIFT_ACTIVE_COMPILATION_CONDITIONS = "DEBUG $(inherited)";
				SWIFT_APPROACHABLE_CONCURRENCY = YES;
				SWIFT_DEFAULT_ACTOR_ISOLATION = MainActor;
				SWIFT_EMIT_LOC_STRINGS = YES;
				SWIFT_OPTIMIZATION_LEVEL = "-Onone";
				SWIFT_UPCOMING_FEATURE_MEMBER_IMPORT_VISIBILITY = YES;
				SWIFT_VERSION = 5.0;
				SYSTEM_HEADER_SEARCH_PATHS = (
					"\"$(SRCROOT)/Paloma Engine/Libs/\"/**",
					/opt/homebrew/include/,
				);
			};
			name = Debug;
		};
		39298E892F0D1992003F4BD1 /* Release */ = {
			isa = XCBuildConfiguration;
			buildSettings = {
				ASSETCATALOG_COMPILER_APPICON_NAME = AppIcon;
				ASSETCATALOG_COMPILER_GLOBAL_ACCENT_COLOR_NAME = AccentColor;
				CLANG_CXX_LANGUAGE_STANDARD = "gnu++23";
				CLANG_ENABLE_MODULES = YES;
				CODE_SIGN_STYLE = Automatic;
				COMBINE_HIDPI_IMAGES = YES;
				CURRENT_PROJECT_VERSION = 1;
				DEVELOPMENT_TEAM = W7FUQB4L6D;
				ENABLE_APP_SANDBOX = NO;
				ENABLE_HARDENED_RUNTIME = NO;
				ENABLE_PREVIEWS = YES;
				ENABLE_USER_SELECTED_FILES = readonly;
				GCC_C_LANGUAGE_STANDARD = c23;
				GCC_OPTIMIZATION_LEVEL = s;
				GENERATE_INFOPLIST_FILE = YES;
				INFOPLIST_FILE = "Paloma-Engine-Info.plist";
				INFOPLIST_KEY_NSHumanReadableCopyright = "";
				INFOPLIST_KEY_NSMainStoryboardFile = Main;
				LD_RUNPATH_SEARCH_PATHS = (
					"$(inherited)",
					"@executable_path/../Frameworks",
				);
				LIBRARY_SEARCH_PATHS = (
					"$(inherited)",
					/opt/homebrew/Cellar/sdl3/3.2.28/lib,
				);
				MARKETING_VERSION = 1.0;
				PRODUCT_BUNDLE_IDENTIFIER = "skbid.metalcpp-cube";
				PRODUCT_NAME = "$(TARGET_NAME)";
				REGISTER_APP_GROUPS = YES;
				STRING_CATALOG_GENERATE_SYMBOLS = YES;
				SWIFT_APPROACHABLE_CONCURRENCY = YES;
				SWIFT_COMPILATION_MODE = wholemodule;
				SWIFT_DEFAULT_ACTOR_ISOLATION = MainActor;
				SWIFT_EMIT_LOC_STRINGS = YES;
				SWIFT_UPCOMING_FEATURE_MEMBER_IMPORT_VISIBILITY = YES;
				SWIFT_VERSION = 5.0;
				SYSTEM_HEADER_SEARCH_PATHS = (
					"\"$(SRCROOT)/Paloma Engine/Libs/\"/**",
					/opt/homebrew/include/,
				);
			};
			name = Release;
		};
		39C1ECB92F0BB2D50021EF5B /* Debug */ = {
			isa = XCBuildConfiguration;
			buildSettings = {
				ALWAYS_SEARCH_USER_PATHS = NO;
				ASSETCATALOG_COMPILER_GENERATE_SWIFT_ASSET_SYMBOL_EXTENSIONS = YES;
				CLANG_ANALYZER_NONNULL = YES;
				CLANG_ANALYZER_NUMBER_OBJECT_CONVERSION = YES_AGGRESSIVE;
				CLANG_CXX_LANGUAGE_STANDARD = "gnu++20";
				CLANG_ENABLE_MODULES = YES;
				CLANG_ENABLE_OBJC_ARC = YES;
				CLANG_ENABLE_OBJC_WEAK = YES;
				CLANG_WARN_BLOCK_CAPTURE_AUTORELEASING = YES;
				CLANG_WARN_BOOL_CONVERSION = YES;
				CLANG_WARN_COMMA = YES;
				CLANG_WARN_CONSTANT_CONVERSION = YES;
				CLANG_WARN_DEPRECATED_OBJC_IMPLEMENTATIONS = YES;
				CLANG_WARN_DIRECT_OBJC_ISA_USAGE = YES_ERROR;
				CLANG_WARN_DOCUMENTATION_COMMENTS = YES;
				CLANG_WARN_EMPTY_BODY = YES;
				CLANG_WARN_ENUM_CONVERSION = YES;
				CLANG_WARN_INFINITE_RECURSION = YES;
				CLANG_WARN_INT_CONVERSION = YES;
				CLANG_WARN_NON_LITERAL_NULL_CONVERSION = YES;
				CLANG_WARN_OBJC_IMPLICIT_RETAIN_SELF = YES;
				CLANG_WARN_OBJC_LITERAL_CONVERSION = YES;
				CLANG_WARN_OBJC_ROOT_CLASS = YES_ERROR;
				CLANG_WARN_QUOTED_INCLUDE_IN_FRAMEWORK_HEADER = YES;
				CLANG_WARN_RANGE_LOOP_ANALYSIS = YES;
				CLANG_WARN_STRICT_PROTOTYPES = YES;
				CLANG_WARN_SUSPICIOUS_MOVE = YES;
				CLANG_WARN_UNGUARDED_AVAILABILITY = YES_AGGRESSIVE;
				CLANG_WARN_UNREACHABLE_CODE = YES;
				CLANG_WARN__DUPLICATE_METHOD_MATCH = YES;
				COPY_PHASE_STRIP = NO;
				DEBUG_INFORMATION_FORMAT = dwarf;
				DEVELOPMENT_TEAM = W7FUQB4L6D;
				ENABLE_HARDENED_RUNTIME = NO;
				ENABLE_STRICT_OBJC_MSGSEND = YES;
				ENABLE_TESTABILITY = YES;
				ENABLE_USER_SCRIPT_SANDBOXING = YES;
				GCC_C_LANGUAGE_STANDARD = gnu17;
				GCC_DYNAMIC_NO_PIC = NO;
				GCC_NO_COMMON_BLOCKS = YES;
				GCC_OPTIMIZATION_LEVEL = 0;
				GCC_PREPROCESSOR_DEFINITIONS = (
					"DEBUG=1",
					"$(inherited)",
				);
				GCC_WARN_64_TO_32_BIT_CONVERSION = YES;
				GCC_WARN_ABOUT_RETURN_TYPE = YES_ERROR;
				GCC_WARN_UNDECLARED_SELECTOR = YES;
				GCC_WARN_UNINITIALIZED_AUTOS = YES_AGGRESSIVE;
				GCC_WARN_UNUSED_FUNCTION = YES;
				GCC_WARN_UNUSED_VARIABLE = YES;
				LOCALIZATION_PREFERS_STRING_CATALOGS = YES;
				MACOSX_DEPLOYMENT_TARGET = 26.1;
				MTL_ENABLE_DEBUG_INFO = INCLUDE_SOURCE;
				MTL_FAST_MATH = YES;
				ONLY_ACTIVE_ARCH = YES;
				SDKROOT = macosx;
			};
			name = Debug;
		};
		39C1ECBA2F0BB2D50021EF5B /* Release */ = {
			isa = XCBuildConfiguration;
			buildSettings = {
				ALWAYS_SEARCH_USER_PATHS = NO;
				ASSETCATALOG_COMPILER_GENERATE_SWIFT_ASSET_SYMBOL_EXTENSIONS = YES;
				CLANG_ANALYZER_NONNULL = YES;
				CLANG_ANALYZER_NUMBER_OBJECT_CONVERSION = YES_AGGRESSIVE;
				CLANG_CXX_LANGUAGE_STANDARD = "gnu++20";
				CLANG_ENABLE_MODULES = YES;
				CLANG_ENABLE_OBJC_ARC = YES;
				CLANG_ENABLE_OBJC_WEAK = YES;
				CLANG_WARN_BLOCK_CAPTURE_AUTORELEASING = YES;
				CLANG_WARN_BOOL_CONVERSION = YES;
				CLANG_WARN_COMMA = YES;
				CLANG_WARN_CONSTANT_CONVERSION = YES;
				CLANG_WARN_DEPRECATED_OBJC_IMPLEMENTATIONS = YES;
				CLANG_WARN_DIRECT_OBJC_ISA_USAGE = YES_ERROR;
				CLANG_WARN_DOCUMENTATION_COMMENTS = YES;
				CLANG_WARN_EMPTY_BODY = YES;
				CLANG_WARN_ENUM_CONVERSION = YES;
				CLANG_WARN_INFINITE_RECURSION = YES;
				CLANG_WARN_INT_CONVERSION = YES;
				CLANG_WARN_NON_LITERAL_NULL_CONVERSION = YES;
				CLANG_WARN_OBJC_IMPLICIT_RETAIN_SELF = YES;
				CLANG_WARN_OBJC_LITERAL_CONVERSION = YES;
				CLANG_WARN_OBJC_ROOT_CLASS = YES_ERROR;
				CLANG_WARN_QUOTED_INCLUDE_IN_FRAMEWORK_HEADER = YES;
				CLANG_WARN_RANGE_LOOP_ANALYSIS = YES;
				CLANG_WARN_STRICT_PROTOTYPES = YES;
				CLANG_WARN_SUSPICIOUS_MOVE = YES;
				CLANG_WARN_UNGUARDED_AVAILABILITY = YES_AGGRESSIVE;
				CLANG_WARN_UNREACHABLE_CODE = YES;
				CLANG_WARN__DUPLICATE_METHOD_MATCH = YES;
				COPY_PHASE_STRIP = NO;
				DEBUG_INFORMATION_FORMAT = "dwarf-with-dsym";
				DEVELOPMENT_TEAM = W7FUQB4L6D;
				ENABLE_HARDENED_RUNTIME = NO;
				ENABLE_NS_ASSERTIONS = NO;
				ENABLE_STRICT_OBJC_MSGSEND = YES;
				ENABLE_USER_SCRIPT_SANDBOXING = YES;
				GCC_C_LANGUAGE_STANDARD = gnu17;
				GCC_NO_COMMON_BLOCKS = YES;
				GCC_WARN_64_TO_32_BIT_CONVERSION = YES;
				GCC_WARN_ABOUT_RETURN_TYPE = YES_ERROR;
				GCC_WARN_UNDECLARED_SELECTOR = YES;
				GCC_WARN_UNINITIALIZED_AUTOS = YES_AGGRESSIVE;
				GCC_WARN_UNUSED_FUNCTION = YES;
				GCC_WARN_UNUSED_VARIABLE = YES;
				LOCALIZATION_PREFERS_STRING_CATALOGS = YES;
				MACOSX_DEPLOYMENT_TARGET = 26.1;
				MTL_ENABLE_DEBUG_INFO = NO;
				MTL_FAST_MATH = YES;
				SDKROOT = macosx;
			};
			name = Release;
		};
		39C1ECBC2F0BB2D50021EF5B /* Debug */ = {
			isa = XCBuildConfiguration;
			buildSettings = {
				ASSETCATALOG_COMPILER_APPICON_NAME = AppIcon;
				ASSETCATALOG_COMPILER_GLOBAL_ACCENT_COLOR_NAME = AccentColor;
				CODE_SIGN_STYLE = Automatic;
				COMBINE_HIDPI_IMAGES = YES;
				CURRENT_PROJECT_VERSION = 1;
				DEVELOPMENT_TEAM = W7FUQB4L6D;
				ENABLE_APP_SANDBOX = NO;
				ENABLE_HARDENED_RUNTIME = NO;
				ENABLE_USER_SELECTED_FILES = readonly;
				FRAMEWORK_SEARCH_PATHS = (
					"$(inherited)",
					"$(PROJECT_DIR)/Docs/filament-main/third_party/dawn/third_party/dxc/tools/clang/test/Frontend/Inputs",
					"$(PROJECT_DIR)/Docs/filament-main/third_party/dawn/third_party/dxc/tools/clang/test/Index/Inputs/Frameworks",
					"$(PROJECT_DIR)/Docs/filament-main/third_party/dawn/third_party/dxc/tools/clang/test/Preprocessor/Inputs/headermap-rel",
					"$(PROJECT_DIR)/Docs/filament-main/third_party/dawn/third_party/dxc/tools/clang/test/Preprocessor/Inputs",
					"$(PROJECT_DIR)/Docs/filament-main/third_party/dawn/third_party/dxc/tools/clang/test/VFS/Inputs",
				);
				GENERATE_INFOPLIST_FILE = YES;
				INFOPLIST_KEY_NSHumanReadableCopyright = "";
				INFOPLIST_KEY_NSMainStoryboardFile = Main;
				INFOPLIST_KEY_NSPrincipalClass = NSApplication;
				LD_RUNPATH_SEARCH_PATHS = (
					"$(inherited)",
					"@executable_path/../Frameworks",
				);
				LIBRARY_SEARCH_PATHS = (
					"$(inherited)",
					"$(PROJECT_DIR)/Docs/filament-main/third_party/dawn/third_party/dxc/test/Object/Inputs",
					"$(PROJECT_DIR)/Docs/filament-main/third_party/dawn/third_party/dxc/test/tools/dsymutil/Inputs",
					"$(PROJECT_DIR)/Docs/filament-main/third_party/dawn/third_party/dxc/test/tools/llvm-cov/Inputs",
					"$(PROJECT_DIR)/Docs/filament-main/third_party/dawn/third_party/dxc/test/tools/llvm-objdump/Inputs",
					"$(PROJECT_DIR)/Docs/filament-main/third_party/dawn/third_party/dxc/test/tools/llvm-objdump/X86/Inputs",
				);
				MACOSX_DEPLOYMENT_TARGET = 26.1;
				MARKETING_VERSION = 1.0;
				PRODUCT_BUNDLE_IDENTIFIER = "skbid.Paloma-Engine";
				PRODUCT_NAME = "$(TARGET_NAME)";
				REGISTER_APP_GROUPS = YES;
				STRING_CATALOG_GENERATE_SYMBOLS = YES;
				SWIFT_EMIT_LOC_STRINGS = YES;
			};
			name = Debug;
		};
		39C1ECBD2F0BB2D50021EF5B /* Release */ = {
			isa = XCBuildConfiguration;
			buildSettings = {
				ASSETCATALOG_COMPILER_APPICON_NAME = AppIcon;
				ASSETCATALOG_COMPILER_GLOBAL_ACCENT_COLOR_NAME = AccentColor;
				CODE_SIGN_STYLE = Automatic;
				COMBINE_HIDPI_IMAGES = YES;
				CURRENT_PROJECT_VERSION = 1;
				DEVELOPMENT_TEAM = W7FUQB4L6D;
				ENABLE_APP_SANDBOX = NO;
				ENABLE_HARDENED_RUNTIME = NO;
				ENABLE_USER_SELECTED_FILES = readonly;
				FRAMEWORK_SEARCH_PATHS = (
					"$(inherited)",
					"$(PROJECT_DIR)/Docs/filament-main/third_party/dawn/third_party/dxc/tools/clang/test/Frontend/Inputs",
					"$(PROJECT_DIR)/Docs/filament-main/third_party/dawn/third_party/dxc/tools/clang/test/Index/Inputs/Frameworks",
					"$(PROJECT_DIR)/Docs/filament-main/third_party/dawn/third_party/dxc/tools/clang/test/Preprocessor/Inputs/headermap-rel",
					"$(PROJECT_DIR)/Docs/filament-main/third_party/dawn/third_party/dxc/tools/clang/test/Preprocessor/Inputs",
					"$(PROJECT_DIR)/Docs/filament-main/third_party/dawn/third_party/dxc/tools/clang/test/VFS/Inputs",
				);
				GENERATE_INFOPLIST_FILE = YES;
				INFOPLIST_KEY_NSHumanReadableCopyright = "";
				INFOPLIST_KEY_NSMainStoryboardFile = Main;
				INFOPLIST_KEY_NSPrincipalClass = NSApplication;
				LD_RUNPATH_SEARCH_PATHS = (
					"$(inherited)",
					"@executable_path/../Frameworks",
				);
				LIBRARY_SEARCH_PATHS = (
					"$(inherited)",
					"$(PROJECT_DIR)/Docs/filament-main/third_party/dawn/third_party/dxc/test/Object/Inputs",
					"$(PROJECT_DIR)/Docs/filament-main/third_party/dawn/third_party/dxc/test/tools/dsymutil/Inputs",
					"$(PROJECT_DIR)/Docs/filament-main/third_party/dawn/third_party/dxc/test/tools/llvm-cov/Inputs",
					"$(PROJECT_DIR)/Docs/filament-main/third_party/dawn/third_party/dxc/test/tools/llvm-objdump/Inputs",
					"$(PROJECT_DIR)/Docs/filament-main/third_party/dawn/third_party/dxc/test/tools/llvm-objdump/X86/Inputs",
				);
				MACOSX_DEPLOYMENT_TARGET = 26.1;
				MARKETING_VERSION = 1.0;
				PRODUCT_BUNDLE_IDENTIFIER = "skbid.Paloma-Engine";
				PRODUCT_NAME = "$(TARGET_NAME)";
				REGISTER_APP_GROUPS = YES;
				STRING_CATALOG_GENERATE_SYMBOLS = YES;
				SWIFT_EMIT_LOC_STRINGS = YES;
			};
			name = Release;
		};
/* End XCBuildConfiguration section */

/* Begin XCConfigurationList section */
		39298E872F0D1992003F4BD1 /* Build configuration list for PBXNativeTarget "Paloma Engine" */ = {
			isa = XCConfigurationList;
			buildConfigurations = (
				39298E882F0D1992003F4BD1 /* Debug */,
				39298E892F0D1992003F4BD1 /* Release */,
			);
			defaultConfigurationIsVisible = 0;
			defaultConfigurationName = Release;
		};
		39C1EC9E2F0BB2D40021EF5B /* Build configuration list for PBXProject "Paloma Engine" */ = {
			isa = XCConfigurationList;
			buildConfigurations = (
				39C1ECB92F0BB2D50021EF5B /* Debug */,
				39C1ECBA2F0BB2D50021EF5B /* Release */,
			);
			defaultConfigurationIsVisible = 0;
			defaultConfigurationName = Release;
		};
		39C1ECBB2F0BB2D50021EF5B /* Build configuration list for PBXNativeTarget "apple example" */ = {
			isa = XCConfigurationList;
			buildConfigurations = (
				39C1ECBC2F0BB2D50021EF5B /* Debug */,
				39C1ECBD2F0BB2D50021EF5B /* Release */,
			);
			defaultConfigurationIsVisible = 0;
			defaultConfigurationName = Release;
		};
/* End XCConfigurationList section */
	};
	rootObject = 39C1EC9B2F0BB2D40021EF5B /* Project object */;
}
